
Microsoft Visual Studio Solution File, Format Version 12.00
# Visual Studio Version 17
VisualStudioVersion = 17.9.34728.123
MinimumVisualStudioVersion = 10.0.40219.1
Project("{FAE04EC0-301F-11D3-BF4B-00C04F79EFBC}") = "WpfApp1", "WpfApp1\WpfApp1.csproj", "{BE6E114F-FFB3-448D-B9F1-EC4CE716ACB4}"
EndProject
Global
	GlobalSection(SolutionConfigurationPlatforms) = preSolution
		Debug|Any CPU = Debug|Any CPU
		Release|Any CPU = Release|Any CPU
	EndGlobalSection
	GlobalSection(ProjectConfigurationPlatforms) = postSolution
		{BE6E114F-FFB3-448D-B9F1-EC4CE716ACB4}.Debug|Any CPU.ActiveCfg = Debug|Any CPU
		{BE6E114F-FFB3-448D-B9F1-EC4CE716ACB4}.Debug|Any CPU.Build.0 = Debug|Any CPU
		{BE6E114F-FFB3-448D-B9F1-EC4CE716ACB4}.Release|Any CPU.ActiveCfg = Release|Any CPU
		{BE6E114F-FFB3-448D-B9F1-EC4CE716ACB4}.Release|Any CPU.Build.0 = Release|Any CPU
	EndGlobalSection
	GlobalSection(SolutionProperties) = preSolution
		HideSolutionNode = FALSE
	EndGlobalSection
	GlobalSection(ExtensibilityGlobals) = postSolution
		SolutionGuid = {562B7D66-43C2-40B9-9920-ABAC5CA4658D}
	EndGlobalSection
EndGlobal
